
Microsoft Visual Studio Solution File, Format Version 12.00
# Visual Studio Version 16
VisualStudioVersion = 16.0.32413.511
MinimumVisualStudioVersion = 10.0.40219.1
Project("{FAE04EC0-301F-11D3-BF4B-00C04F79EFBC}") = "AttributeProcessor", "..\..\Utility\AttributeProcessor\AttributeProcessor.csproj", "{17271315-5573-4E33-8F13-D5BAFD588668}"
EndProject
Project("{FAE04EC0-301F-11D3-BF4B-00C04F79EFBC}") = "BoltLengthStickCheck", "..\..\Utility\BoltLengthStickCheck\BoltLengthStickCheck\BoltLengthStickCheck.csproj", "{ADF98A55-9F25-4313-97A6-638F9A2549B4}"
EndProject
Project("{FAE04EC0-301F-11D3-BF4B-00C04F79EFBC}") = "BoltPartChecker", "..\..\Utility\BoltPartChecker\BoltPartChecker\BoltPartChecker.csproj", "{D37A9CE5-42F8-4F1C-B319-32E3972D88F6}"
EndProject
Project("{FAE04EC0-301F-11D3-BF4B-00C04F79EFBC}") = "ConnectionSummary", "..\..\Utility\ConnectionSummary\ConnectionSummary\ConnectionSummary.csproj", "{5398BCD5-30FC-4546-8AB5-EEB37180367C}"
EndProject
Project("{FAE04EC0-301F-11D3-BF4B-00C04F79EFBC}") = "EmbedPlateCountFromWall", "..\..\Utility\EmbedPlateCountFromWall\EmbedPlateCountFromWall\EmbedPlateCountFromWall.csproj", "{1D667B31-B210-47B2-9EB4-657314911353}"
EndProject
Project("{FAE04EC0-301F-11D3-BF4B-00C04F79EFBC}") = "NearFarShearTabFinder", "..\..\Utility\NearFarShearTabFinder\NearFarShearTabFinder\NearFarShearTabFinder.csproj", "{3E7A6414-32A7-44E1-BBF3-56B53A2DAB0C}"
EndProject
Project("{FAE04EC0-301F-11D3-BF4B-00C04F79EFBC}") = "NPTFCheck", "..\..\Utility\NPTFCheck\NPTFCheck\NPTFCheck.csproj", "{54FF6074-9E84-4D19-BF5A-D6CB23948358}"
EndProject
Project("{FAE04EC0-301F-11D3-BF4B-00C04F79EFBC}") = "NumberOrder", "..\..\Utility\NumberOrder\NumberOrder\NumberOrder.csproj", "{65FBD864-4EE6-4DE8-B593-FDD835BC5E66}"
EndProject
Project("{FAE04EC0-301F-11D3-BF4B-00C04F79EFBC}") = "PackageChecker", "..\..\Utility\PackageChecker\PackageChecker\PackageChecker.csproj", "{69EBCA18-FF03-4142-B7FA-7D4977FA1F1E}"
EndProject
Project("{FAE04EC0-301F-11D3-BF4B-00C04F79EFBC}") = "PlaneRotationDepthInfo", "..\..\Utility\PlaneRotationDepthInfo\PlaneRotationDepthInfo\PlaneRotationDepthInfo.csproj", "{B46B8767-EE76-426E-BE6C-64EC2254E786}"
EndProject
Project("{FAE04EC0-301F-11D3-BF4B-00C04F79EFBC}") = "MyForm", "MyForm\MyForm.csproj", "{7594CD44-FE21-4262-A1BF-858A90A97B8F}"
EndProject
Project("{FAE04EC0-301F-11D3-BF4B-00C04F79EFBC}") = "Orientation", "..\..\Utility\Orientation\Orientation\Orientation.csproj", "{6C3C3E00-B0A2-4C67-B302-EA2AE1B9D326}"
EndProject
Project("{FAE04EC0-301F-11D3-BF4B-00C04F79EFBC}") = "ABMLengthVSLiveLength", "..\..\Utility\ABMLengthVSLiveLength\ABMLengthVSLiveLength\ABMLengthVSLiveLength.csproj", "{14436D36-752C-441F-B0AC-784153AFFBA8}"
EndProject
Project("{FAE04EC0-301F-11D3-BF4B-00C04F79EFBC}") = "KipsReport21.0", "..\..\Utility\KipsReport21.0\KipsReport21.0\KipsReport21.0.csproj", "{024D3D3D-DE83-405D-82B2-E1330B2CE113}"
EndProject
Project("{FAE04EC0-301F-11D3-BF4B-00C04F79EFBC}") = "ConnectionProcessor", "..\..\Utility\ConnectionProcessor\ConnectionProcessor.csproj", "{EE83C46B-94B5-4BE3-A450-5D9ED637111A}"
EndProject
Project("{FAE04EC0-301F-11D3-BF4B-00C04F79EFBC}") = "QC", "..\..\Utility\NCM\QC.csproj", "{E788645C-64D1-4724-9F3D-B28552ECBF35}"
EndProject
Project("{FAE04EC0-301F-11D3-BF4B-00C04F79EFBC}") = "DrawingLog", "..\..\Utility\Drawing Log\DrawingLog\DrawingLog\DrawingLog.csproj", "{9B15AD7E-9BDF-4D77-B572-7E37B56E6353}"
EndProject
Project("{FAE04EC0-301F-11D3-BF4B-00C04F79EFBC}") = "Code_Compliance_Tool", "..\..\Utility\Code Compliance\WindowsFormsApplication1\Code_Compliance_Tool.csproj", "{D934E213-EEDC-47DF-BBF5-2264AAAC639F}"
EndProject
Global
	GlobalSection(SolutionConfigurationPlatforms) = preSolution
		Debug|Any CPU = Debug|Any CPU
		Release|Any CPU = Release|Any CPU
	EndGlobalSection
	GlobalSection(ProjectConfigurationPlatforms) = postSolution
		{17271315-5573-4E33-8F13-D5BAFD588668}.Debug|Any CPU.ActiveCfg = Debug|Any CPU
		{17271315-5573-4E33-8F13-D5BAFD588668}.Debug|Any CPU.Build.0 = Debug|Any CPU
		{17271315-5573-4E33-8F13-D5BAFD588668}.Release|Any CPU.ActiveCfg = Release|Any CPU
		{17271315-5573-4E33-8F13-D5BAFD588668}.Release|Any CPU.Build.0 = Release|Any CPU
		{ADF98A55-9F25-4313-97A6-638F9A2549B4}.Debug|Any CPU.ActiveCfg = Debug|Any CPU
		{ADF98A55-9F25-4313-97A6-638F9A2549B4}.Debug|Any CPU.Build.0 = Debug|Any CPU
		{ADF98A55-9F25-4313-97A6-638F9A2549B4}.Release|Any CPU.ActiveCfg = Release|Any CPU
		{ADF98A55-9F25-4313-97A6-638F9A2549B4}.Release|Any CPU.Build.0 = Release|Any CPU
		{D37A9CE5-42F8-4F1C-B319-32E3972D88F6}.Debug|Any CPU.ActiveCfg = Debug|Any CPU
		{D37A9CE5-42F8-4F1C-B319-32E3972D88F6}.Debug|Any CPU.Build.0 = Debug|Any CPU
		{D37A9CE5-42F8-4F1C-B319-32E3972D88F6}.Release|Any CPU.ActiveCfg = Release|Any CPU
		{D37A9CE5-42F8-4F1C-B319-32E3972D88F6}.Release|Any CPU.Build.0 = Release|Any CPU
		{5398BCD5-30FC-4546-8AB5-EEB37180367C}.Debug|Any CPU.ActiveCfg = Debug|Any CPU
		{5398BCD5-30FC-4546-8AB5-EEB37180367C}.Debug|Any CPU.Build.0 = Debug|Any CPU
		{5398BCD5-30FC-4546-8AB5-EEB37180367C}.Release|Any CPU.ActiveCfg = Release|Any CPU
		{5398BCD5-30FC-4546-8AB5-EEB37180367C}.Release|Any CPU.Build.0 = Release|Any CPU
		{1D667B31-B210-47B2-9EB4-657314911353}.Debug|Any CPU.ActiveCfg = Debug|Any CPU
		{1D667B31-B210-47B2-9EB4-657314911353}.Debug|Any CPU.Build.0 = Debug|Any CPU
		{1D667B31-B210-47B2-9EB4-657314911353}.Release|Any CPU.ActiveCfg = Release|Any CPU
		{1D667B31-B210-47B2-9EB4-657314911353}.Release|Any CPU.Build.0 = Release|Any CPU
		{3E7A6414-32A7-44E1-BBF3-56B53A2DAB0C}.Debug|Any CPU.ActiveCfg = Debug|Any CPU
		{3E7A6414-32A7-44E1-BBF3-56B53A2DAB0C}.Debug|Any CPU.Build.0 = Debug|Any CPU
		{3E7A6414-32A7-44E1-BBF3-56B53A2DAB0C}.Release|Any CPU.ActiveCfg = Release|Any CPU
		{3E7A6414-32A7-44E1-BBF3-56B53A2DAB0C}.Release|Any CPU.Build.0 = Release|Any CPU
		{54FF6074-9E84-4D19-BF5A-D6CB23948358}.Debug|Any CPU.ActiveCfg = Debug|Any CPU
		{54FF6074-9E84-4D19-BF5A-D6CB23948358}.Debug|Any CPU.Build.0 = Debug|Any CPU
		{54FF6074-9E84-4D19-BF5A-D6CB23948358}.Release|Any CPU.ActiveCfg = Release|Any CPU
		{54FF6074-9E84-4D19-BF5A-D6CB23948358}.Release|Any CPU.Build.0 = Release|Any CPU
		{65FBD864-4EE6-4DE8-B593-FDD835BC5E66}.Debug|Any CPU.ActiveCfg = Debug|Any CPU
		{65FBD864-4EE6-4DE8-B593-FDD835BC5E66}.Debug|Any CPU.Build.0 = Debug|Any CPU
		{65FBD864-4EE6-4DE8-B593-FDD835BC5E66}.Release|Any CPU.ActiveCfg = Release|Any CPU
		{65FBD864-4EE6-4DE8-B593-FDD835BC5E66}.Release|Any CPU.Build.0 = Release|Any CPU
		{69EBCA18-FF03-4142-B7FA-7D4977FA1F1E}.Debug|Any CPU.ActiveCfg = Debug|Any CPU
		{69EBCA18-FF03-4142-B7FA-7D4977FA1F1E}.Debug|Any CPU.Build.0 = Debug|Any CPU
		{69EBCA18-FF03-4142-B7FA-7D4977FA1F1E}.Release|Any CPU.ActiveCfg = Release|Any CPU
		{69EBCA18-FF03-4142-B7FA-7D4977FA1F1E}.Release|Any CPU.Build.0 = Release|Any CPU
		{B46B8767-EE76-426E-BE6C-64EC2254E786}.Debug|Any CPU.ActiveCfg = Debug|Any CPU
		{B46B8767-EE76-426E-BE6C-64EC2254E786}.Debug|Any CPU.Build.0 = Debug|Any CPU
		{B46B8767-EE76-426E-BE6C-64EC2254E786}.Release|Any CPU.ActiveCfg = Release|Any CPU
		{B46B8767-EE76-426E-BE6C-64EC2254E786}.Release|Any CPU.Build.0 = Release|Any CPU
		{7594CD44-FE21-4262-A1BF-858A90A97B8F}.Debug|Any CPU.ActiveCfg = Debug|Any CPU
		{7594CD44-FE21-4262-A1BF-858A90A97B8F}.Debug|Any CPU.Build.0 = Debug|Any CPU
		{7594CD44-FE21-4262-A1BF-858A90A97B8F}.Release|Any CPU.ActiveCfg = Release|Any CPU
		{7594CD44-FE21-4262-A1BF-858A90A97B8F}.Release|Any CPU.Build.0 = Release|Any CPU
		{6C3C3E00-B0A2-4C67-B302-EA2AE1B9D326}.Debug|Any CPU.ActiveCfg = Debug|Any CPU
		{6C3C3E00-B0A2-4C67-B302-EA2AE1B9D326}.Debug|Any CPU.Build.0 = Debug|Any CPU
		{6C3C3E00-B0A2-4C67-B302-EA2AE1B9D326}.Release|Any CPU.ActiveCfg = Release|Any CPU
		{6C3C3E00-B0A2-4C67-B302-EA2AE1B9D326}.Release|Any CPU.Build.0 = Release|Any CPU
		{14436D36-752C-441F-B0AC-784153AFFBA8}.Debug|Any CPU.ActiveCfg = Debug|Any CPU
		{14436D36-752C-441F-B0AC-784153AFFBA8}.Debug|Any CPU.Build.0 = Debug|Any CPU
		{14436D36-752C-441F-B0AC-784153AFFBA8}.Release|Any CPU.ActiveCfg = Release|Any CPU
		{14436D36-752C-441F-B0AC-784153AFFBA8}.Release|Any CPU.Build.0 = Release|Any CPU
		{024D3D3D-DE83-405D-82B2-E1330B2CE113}.Debug|Any CPU.ActiveCfg = Debug|Any CPU
		{024D3D3D-DE83-405D-82B2-E1330B2CE113}.Debug|Any CPU.Build.0 = Debug|Any CPU
		{024D3D3D-DE83-405D-82B2-E1330B2CE113}.Release|Any CPU.ActiveCfg = Release|Any CPU
		{024D3D3D-DE83-405D-82B2-E1330B2CE113}.Release|Any CPU.Build.0 = Release|Any CPU
		{EE83C46B-94B5-4BE3-A450-5D9ED637111A}.Debug|Any CPU.ActiveCfg = Debug|Any CPU
		{EE83C46B-94B5-4BE3-A450-5D9ED637111A}.Debug|Any CPU.Build.0 = Debug|Any CPU
		{EE83C46B-94B5-4BE3-A450-5D9ED637111A}.Release|Any CPU.ActiveCfg = Release|Any CPU
		{EE83C46B-94B5-4BE3-A450-5D9ED637111A}.Release|Any CPU.Build.0 = Release|Any CPU
		{E788645C-64D1-4724-9F3D-B28552ECBF35}.Debug|Any CPU.ActiveCfg = Debug|Any CPU
		{E788645C-64D1-4724-9F3D-B28552ECBF35}.Debug|Any CPU.Build.0 = Debug|Any CPU
		{E788645C-64D1-4724-9F3D-B28552ECBF35}.Release|Any CPU.ActiveCfg = Release|Any CPU
		{E788645C-64D1-4724-9F3D-B28552ECBF35}.Release|Any CPU.Build.0 = Release|Any CPU
		{9B15AD7E-9BDF-4D77-B572-7E37B56E6353}.Debug|Any CPU.ActiveCfg = Debug|Any CPU
		{9B15AD7E-9BDF-4D77-B572-7E37B56E6353}.Debug|Any CPU.Build.0 = Debug|Any CPU
		{9B15AD7E-9BDF-4D77-B572-7E37B56E6353}.Release|Any CPU.ActiveCfg = Release|Any CPU
		{9B15AD7E-9BDF-4D77-B572-7E37B56E6353}.Release|Any CPU.Build.0 = Release|Any CPU
		{D934E213-EEDC-47DF-BBF5-2264AAAC639F}.Debug|Any CPU.ActiveCfg = Debug|Any CPU
		{D934E213-EEDC-47DF-BBF5-2264AAAC639F}.Debug|Any CPU.Build.0 = Debug|Any CPU
		{D934E213-EEDC-47DF-BBF5-2264AAAC639F}.Release|Any CPU.ActiveCfg = Release|Any CPU
		{D934E213-EEDC-47DF-BBF5-2264AAAC639F}.Release|Any CPU.Build.0 = Release|Any CPU
	EndGlobalSection
	GlobalSection(SolutionProperties) = preSolution
		HideSolutionNode = FALSE
	EndGlobalSection
	GlobalSection(ExtensibilityGlobals) = postSolution
		SolutionGuid = {C85E6DF1-18C0-43B8-8E3E-6ABBC5B61A77}
	EndGlobalSection
EndGlobal
