
Microsoft Visual Studio Solution File, Format Version 12.00
# Visual Studio Version 16
VisualStudioVersion = 16.0.31911.196
MinimumVisualStudioVersion = 10.0.40219.1
Project("{FAE04EC0-301F-11D3-BF4B-00C04F79EFBC}") = "DrawingLog", "DrawingLog\DrawingLog.csproj", "{9B15AD7E-9BDF-4D77-B572-7E37B56E6353}"
EndProject
Global
	GlobalSection(SolutionConfigurationPlatforms) = preSolution
		Debug|Any CPU = Debug|Any CPU
		Release|Any CPU = Release|Any CPU
	EndGlobalSection
	GlobalSection(ProjectConfigurationPlatforms) = postSolution
		{9B15AD7E-9BDF-4D77-B572-7E37B56E6353}.Debug|Any CPU.ActiveCfg = Debug|Any CPU
		{9B15AD7E-9BDF-4D77-B572-7E37B56E6353}.Debug|Any CPU.Build.0 = Debug|Any CPU
		{9B15AD7E-9BDF-4D77-B572-7E37B56E6353}.Release|Any CPU.ActiveCfg = Release|Any CPU
		{9B15AD7E-9BDF-4D77-B572-7E37B56E6353}.Release|Any CPU.Build.0 = Release|Any CPU
	EndGlobalSection
	GlobalSection(SolutionProperties) = preSolution
		HideSolutionNode = FALSE
	EndGlobalSection
	GlobalSection(ExtensibilityGlobals) = postSolution
		SolutionGuid = {E607BC65-07C8-4D8F-A7C1-565730FE5F3D}
	EndGlobalSection
EndGlobal
