
Microsoft Visual Studio Solution File, Format Version 12.00
# Visual Studio Version 16
VisualStudioVersion = 16.0.31911.196
MinimumVisualStudioVersion = 10.0.40219.1
Project("{FAE04EC0-301F-11D3-BF4B-00C04F79EFBC}") = "AttributeProcessor", "AttributeProcessor.csproj", "{17271315-5573-4E33-8F13-D5BAFD588668}"
EndProject
Global
	GlobalSection(SolutionConfigurationPlatforms) = preSolution
		Debug|Any CPU = Debug|Any CPU
		Release|Any CPU = Release|Any CPU
	EndGlobalSection
	GlobalSection(ProjectConfigurationPlatforms) = postSolution
		{17271315-5573-4E33-8F13-D5BAFD588668}.Debug|Any CPU.ActiveCfg = Debug|Any CPU
		{17271315-5573-4E33-8F13-D5BAFD588668}.Debug|Any CPU.Build.0 = Debug|Any CPU
		{17271315-5573-4E33-8F13-D5BAFD588668}.Release|Any CPU.ActiveCfg = Release|Any CPU
		{17271315-5573-4E33-8F13-D5BAFD588668}.Release|Any CPU.Build.0 = Release|Any CPU
	EndGlobalSection
	GlobalSection(SolutionProperties) = preSolution
		HideSolutionNode = FALSE
	EndGlobalSection
	GlobalSection(ExtensibilityGlobals) = postSolution
		SolutionGuid = {FB6FC354-E2E1-44FF-83FF-89F047273776}
	EndGlobalSection
EndGlobal
